// !$*UTF8*$!
{
	archiveVersion = 1;
	classes = {
	};
	objectVersion = 46;
	objects = {

/* Begin PBXBuildFile section */
		31A0E4E71F5E766700C954C6 /* AppDelegate.swift in Sources */ = {isa = PBXBuildFile; fileRef = 31A0E4E61F5E766700C954C6 /* AppDelegate.swift */; };
		31A0E4E91F5E766700C954C6 /* ViewController.swift in Sources */ = {isa = PBXBuildFile; fileRef = 31A0E4E81F5E766700C954C6 /* ViewController.swift */; };
		31A0E4EC1F5E766700C954C6 /* Main.storyboard in Resources */ = {isa = PBXBuildFile; fileRef = 31A0E4EA1F5E766700C954C6 /* Main.storyboard */; };
		31A0E4EE1F5E766700C954C6 /* Assets.xcassets in Resources */ = {isa = PBXBuildFile; fileRef = 31A0E4ED1F5E766700C954C6 /* Assets.xcassets */; };
		31A0E4F11F5E766700C954C6 /* LaunchScreen.storyboard in Resources */ = {isa = PBXBuildFile; fileRef = 31A0E4EF1F5E766700C954C6 /* LaunchScreen.storyboard */; };
/* End PBXBuildFile section */

/* Begin PBXFileReference section */
		31A0E4E31F5E766700C954C6 /* InAppReview.app */ = {isa = PBXFileReference; explicitFileType = wrapper.application; includeInIndex = 0; path = InAppReview.app; sourceTree = BUILT_PRODUCTS_DIR; };
		31A0E4E61F5E766700C954C6 /* AppDelegate.swift */ = {isa = PBXFileReference; lastKnownFileType = sourcecode.swift; path = AppDelegate.swift; sourceTree = "<group>"; };
		31A0E4E81F5E766700C954C6 /* ViewController.swift */ = {isa = PBXFileReference; lastKnownFileType = sourcecode.swift; path = ViewController.swift; sourceTree = "<group>"; };
		31A0E4EB1F5E766700C954C6 /* Base */ = {isa = PBXFileReference; lastKnownFileType = file.storyboard; name = Base; path = Base.lproj/Main.storyboard; sourceTree = "<group>"; };
		31A0E4ED1F5E766700C954C6 /* Assets.xcassets */ = {isa = PBXFileReference; lastKnownFileType = folder.assetcatalog; path = Assets.xcassets; sourceTree = "<group>"; };
		31A0E4F01F5E766700C954C6 /* Base */ = {isa = PBXFileReference; lastKnownFileType = file.storyboard; name = Base; path = Base.lproj/LaunchScreen.storyboard; sourceTree = "<group>"; };
		31A0E4F21F5E766700C954C6 /* Info.plist */ = {isa = PBXFileReference; lastKnownFileType = text.plist.xml; path = Info.plist; sourceTree = "<group>"; };
/* End PBXFileReference section */

/* Begin PBXFrameworksBuildPhase section */
		31A0E4E01F5E766700C954C6 /* Frameworks */ = {
			isa = PBXFrameworksBuildPhase;
			buildActionMask = 2147483647;
			files = (
			);
			runOnlyForDeploymentPostprocessing = 0;
		};
/* End PBXFrameworksBuildPhase section */

/* Begin PBXGroup section */
		31A0E4DA1F5E766700C954C6 = {
			isa = PBXGroup;
			children = (
				31A0E4E51F5E766700C954C6 /* InAppReview */,
				31A0E4E41F5E766700C954C6 /* Products */,
			);
			sourceTree = "<group>";
		};
		31A0E4E41F5E766700C954C6 /* Products */ = {
			isa = PBXGroup;
			children = (
				31A0E4E31F5E766700C954C6 /* InAppReview.app */,
			);
			name = Products;
			sourceTree = "<group>";
		};
		31A0E4E51F5E766700C954C6 /* InAppReview */ = {
			isa = PBXGroup;
			children = (
				31A0E4E61F5E766700C954C6 /* AppDelegate.swift */,
				31A0E4E81F5E766700C954C6 /* ViewController.swift */,
				31A0E4EA1F5E766700C954C6 /* Main.storyboard */,
				31A0E4ED1F5E766700C954C6 /* Assets.xcassets */,
				31A0E4EF1F5E766700C954C6 /* LaunchScreen.storyboard */,
				31A0E4F21F5E766700C954C6 /* Info.plist */,
			);
			path = InAppReview;
			sourceTree = "<group>";
		};
/* End PBXGroup section */

/* Begin PBXNativeTarget section */
		31A0E4E21F5E766700C954C6 /* InAppReview */ = {
			isa = PBXNativeTarget;
			buildConfigurationList = 31A0E4F51F5E766700C954C6 /* Build configuration list for PBXNativeTarget "InAppReview" */;
			buildPhases = (
				31A0E4DF1F5E766700C954C6 /* Sources */,
				31A0E4E01F5E766700C954C6 /* Frameworks */,
				31A0E4E11F5E766700C954C6 /* Resources */,
			);
			buildRules = (
			);
			dependencies = (
			);
			name = InAppReview;
			productName = InAppReview;
			productReference = 31A0E4E31F5E766700C954C6 /* InAppReview.app */;
			productType = "com.apple.product-type.application";
		};
/* End PBXNativeTarget section */

/* Begin PBXProject section */
		31A0E4DB1F5E766700C954C6 /* Project object */ = {
			isa = PBXProject;
			attributes = {
				LastSwiftUpdateCheck = 0830;
				LastUpgradeCheck = 0830;
				ORGANIZATIONNAME = TakuYamada;
				TargetAttributes = {
					31A0E4E21F5E766700C954C6 = {
						CreatedOnToolsVersion = 8.3.3;
						DevelopmentTeam = 8JEHPP3L74;
						ProvisioningStyle = Automatic;
					};
				};
			};
			buildConfigurationList = 31A0E4DE1F5E766700C954C6 /* Build configuration list for PBXProject "InAppReview" */;
			compatibilityVersion = "Xcode 3.2";
			developmentRegion = English;
			hasScannedForEncodings = 0;
			knownRegions = (
				en,
				Base,
			);
			mainGroup = 31A0E4DA1F5E766700C954C6;
			productRefGroup = 31A0E4E41F5E766700C954C6 /* Products */;
			projectDirPath = "";
			projectRoot = "";
			targets = (
				31A0E4E21F5E766700C954C6 /* InAppReview */,
			);
		};
/* End PBXProject section */

/* Begin PBXResourcesBuildPhase section */
		31A0E4E11F5E766700C954C6 /* Resources */ = {
			isa = PBXResourcesBuildPhase;
			buildActionMask = 2147483647;
			files = (
				31A0E4F11F5E766700C954C6 /* LaunchScreen.storyboard in Resources */,
				31A0E4EE1F5E766700C954C6 /* Assets.xcassets in Resources */,
				31A0E4EC1F5E766700C954C6 /* Main.storyboard in Resources */,
			);
			runOnlyForDeploymentPostprocessing = 0;
		};
/* End PBXResourcesBuildPhase section */

/* Begin PBXSourcesBuildPhase section */
		31A0E4DF1F5E766700C954C6 /* Sources */ = {
			isa = PBXSourcesBuildPhase;
			buildActionMask = 2147483647;
			files = (
				31A0E4E91F5E766700C954C6 /* ViewController.swift in Sources */,
				31A0E4E71F5E766700C954C6 /* AppDelegate.swift in Sources */,
			);
			runOnlyForDeploymentPostprocessing = 0;
		};
/* End PBXSourcesBuildPhase section */

/* Begin PBXVariantGroup section */
		31A0E4EA1F5E766700C954C6 /* Main.storyboard */ = {
			isa = PBXVariantGroup;
			children = (
				31A0E4EB1F5E766700C954C6 /* Base */,
			);
			name = Main.storyboard;
			sourceTree = "<group>";
		};
		31A0E4EF1F5E766700C954C6 /* LaunchScreen.storyboard */ = {
			isa = PBXVariantGroup;
			children = (
				31A0E4F01F5E766700C954C6 /* Base */,
			);
			name = LaunchScreen.storyboard;
			sourceTree = "<group>";
		};
/* End PBXVariantGroup section */

/* Begin XCBuildConfiguration section */
		31A0E4F31F5E766700C954C6 /* Debug */ = {
			isa = XCBuildConfiguration;
			buildSettings = {
				ALWAYS_SEARCH_USER_PATHS = NO;
				CLANG_ANALYZER_NONNULL = YES;
				CLANG_ANALYZER_NUMBER_OBJECT_CONVERSION = YES_AGGRESSIVE;
				CLANG_CXX_LANGUAGE_STANDARD = "gnu++0x";
				CLANG_CXX_LIBRARY = "libc++";
				CLANG_ENABLE_MODULES = YES;
				CLANG_ENABLE_OBJC_ARC = YES;
				CLANG_WARN_BOOL_CONVERSION = YES;
				CLANG_WARN_CONSTANT_CONVERSION = YES;
				CLANG_WARN_DIRECT_OBJC_ISA_USAGE = YES_ERROR;
				CLANG_WARN_DOCUMENTATION_COMMENTS = YES;
				CLANG_WARN_EMPTY_BODY = YES;
				CLANG_WARN_ENUM_CONVERSION = YES;
				CLANG_WARN_INFINITE_RECURSION = YES;
				CLANG_WARN_INT_CONVERSION = YES;
				CLANG_WARN_OBJC_ROOT_CLASS = YES_ERROR;
				CLANG_WARN_SUSPICIOUS_MOVE = YES;
				CLANG_WARN_UNREACHABLE_CODE = YES;
				CLANG_WARN__DUPLICATE_METHOD_MATCH = YES;
				"CODE_SIGN_IDENTITY[sdk=iphoneos*]" = "iPhone Developer";
				COPY_PHASE_STRIP = NO;
				DEBUG_INFORMATION_FORMAT = dwarf;
				ENABLE_STRICT_OBJC_MSGSEND = YES;
				ENABLE_TESTABILITY = YES;
				GCC_C_LANGUAGE_STANDARD = gnu99;
				GCC_DYNAMIC_NO_PIC = NO;
				GCC_NO_COMMON_BLOCKS = YES;
				GCC_OPTIMIZATION_LEVEL = 0;
				GCC_PREPROCESSOR_DEFINITIONS = (
					"DEBUG=1",
					"$(inherited)",
				);
				GCC_WARN_64_TO_32_BIT_CONVERSION = YES;
				GCC_WARN_ABOUT_RETURN_TYPE = YES_ERROR;
				GCC_WARN_UNDECLARED_SELECTOR = YES;
				GCC_WARN_UNINITIALIZED_AUTOS = YES_AGGRESSIVE;
				GCC_WARN_UNUSED_FUNCTION = YES;
				GCC_WARN_UNUSED_VARIABLE = YES;
				IPHONEOS_DEPLOYMENT_TARGET = 10.3;
				MTL_ENABLE_DEBUG_INFO = YES;
				ONLY_ACTIVE_ARCH = YES;
				SDKROOT = iphoneos;
				SWIFT_ACTIVE_COMPILATION_CONDITIONS = DEBUG;
				SWIFT_OPTIMIZATION_LEVEL = "-Onone";
			};
			name = Debug;
		};
		31A0E4F41F5E766700C954C6 /* Release */ = {
			isa = XCBuildConfiguration;
			buildSettings = {
				ALWAYS_SEARCH_USER_PATHS = NO;
				CLANG_ANALYZER_NONNULL = YES;
				CLANG_ANALYZER_NUMBER_OBJECT_CONVERSION = YES_AGGRESSIVE;
				CLANG_CXX_LANGUAGE_STANDARD = "gnu++0x";
				CLANG_CXX_LIBRARY = "libc++";
				CLANG_ENABLE_MODULES = YES;
				CLANG_ENABLE_OBJC_ARC = YES;
				CLANG_WARN_BOOL_CONVERSION = YES;
				CLANG_WARN_CONSTANT_CONVERSION = YES;
				CLANG_WARN_DIRECT_OBJC_ISA_USAGE = YES_ERROR;
				CLANG_WARN_DOCUMENTATION_COMMENTS = YES;
				CLANG_WARN_EMPTY_BODY = YES;
				CLANG_WARN_ENUM_CONVERSION = YES;
				CLANG_WARN_INFINITE_RECURSION = YES;
				CLANG_WARN_INT_CONVERSION = YES;
				CLANG_WARN_OBJC_ROOT_CLASS = YES_ERROR;
				CLANG_WARN_SUSPICIOUS_MOVE = YES;
				CLANG_WARN_UNREACHABLE_CODE = YES;
				CLANG_WARN__DUPLICATE_METHOD_MATCH = YES;
				"CODE_SIGN_IDENTITY[sdk=iphoneos*]" = "iPhone Developer";
				COPY_PHASE_STRIP = NO;
				DEBUG_INFORMATION_FORMAT = "dwarf-with-dsym";
				ENABLE_NS_ASSERTIONS = NO;
				ENABLE_STRICT_OBJC_MSGSEND = YES;
				GCC_C_LANGUAGE_STANDARD = gnu99;
				GCC_NO_COMMON_BLOCKS = YES;
				GCC_WARN_64_TO_32_BIT_CONVERSION = YES;
				GCC_WARN_ABOUT_RETURN_TYPE = YES_ERROR;
				GCC_WARN_UNDECLARED_SELECTOR = YES;
				GCC_WARN_UNINITIALIZED_AUTOS = YES_AGGRESSIVE;
				GCC_WARN_UNUSED_FUNCTION = YES;
				GCC_WARN_UNUSED_VARIABLE = YES;
				IPHONEOS_DEPLOYMENT_TARGET = 10.3;
				MTL_ENABLE_DEBUG_INFO = NO;
				SDKROOT = iphoneos;
				SWIFT_OPTIMIZATION_LEVEL = "-Owholemodule";
				VALIDATE_PRODUCT = YES;
			};
			name = Release;
		};
		31A0E4F61F5E766700C954C6 /* Debug */ = {
			isa = XCBuildConfiguration;
			buildSettings = {
				ASSETCATALOG_COMPILER_APPICON_NAME = AppIcon;
				DEVELOPMENT_TEAM = 8JEHPP3L74;
				INFOPLIST_FILE = InAppReview/Info.plist;
				LD_RUNPATH_SEARCH_PATHS = "$(inherited) @executable_path/Frameworks";
				PRODUCT_BUNDLE_IDENTIFIER = com.takuyama.InAppReview;
				PRODUCT_NAME = "$(TARGET_NAME)";
				SWIFT_VERSION = 3.0;
			};
			name = Debug;
		};
		31A0E4F71F5E766700C954C6 /* Release */ = {
			isa = XCBuildConfiguration;
			buildSettings = {
				ASSETCATALOG_COMPILER_APPICON_NAME = AppIcon;
				DEVELOPMENT_TEAM = 8JEHPP3L74;
				INFOPLIST_FILE = InAppReview/Info.plist;
				LD_RUNPATH_SEARCH_PATHS = "$(inherited) @executable_path/Frameworks";
				PRODUCT_BUNDLE_IDENTIFIER = com.takuyama.InAppReview;
				PRODUCT_NAME = "$(TARGET_NAME)";
				SWIFT_VERSION = 3.0;
			};
			name = Release;
		};
/* End XCBuildConfiguration section */

/* Begin XCConfigurationList section */
		31A0E4DE1F5E766700C954C6 /* Build configuration list for PBXProject "InAppReview" */ = {
			isa = XCConfigurationList;
			buildConfigurations = (
				31A0E4F31F5E766700C954C6 /* Debug */,
				31A0E4F41F5E766700C954C6 /* Release */,
			);
			defaultConfigurationIsVisible = 0;
			defaultConfigurationName = Release;
		};
		31A0E4F51F5E766700C954C6 /* Build configuration list for PBXNativeTarget "InAppReview" */ = {
			isa = XCConfigurationList;
			buildConfigurations = (
				31A0E4F61F5E766700C954C6 /* Debug */,
				31A0E4F71F5E766700C954C6 /* Release */,
			);
			defaultConfigurationIsVisible = 0;
		};
/* End XCConfigurationList section */
	};
	rootObject = 31A0E4DB1F5E766700C954C6 /* Project object */;
}
